
Microsoft Visual Studio Solution File, Format Version 12.00
# Visual Studio Version 17
VisualStudioVersion = 17.6.33815.320
MinimumVisualStudioVersion = 10.0.40219.1
Project("{FAE04EC0-301F-11D3-BF4B-00C04F79EFBC}") = "datos", "datos\datos.csproj", "{8DA1F3F9-A2BA-4217-9AE4-5F6AEAF3B52F}"
EndProject
Global
	GlobalSection(SolutionConfigurationPlatforms) = preSolution
		Debug|Any CPU = Debug|Any CPU
		Release|Any CPU = Release|Any CPU
	EndGlobalSection
	GlobalSection(ProjectConfigurationPlatforms) = postSolution
		{8DA1F3F9-A2BA-4217-9AE4-5F6AEAF3B52F}.Debug|Any CPU.ActiveCfg = Debug|Any CPU
		{8DA1F3F9-A2BA-4217-9AE4-5F6AEAF3B52F}.Debug|Any CPU.Build.0 = Debug|Any CPU
		{8DA1F3F9-A2BA-4217-9AE4-5F6AEAF3B52F}.Release|Any CPU.ActiveCfg = Release|Any CPU
		{8DA1F3F9-A2BA-4217-9AE4-5F6AEAF3B52F}.Release|Any CPU.Build.0 = Release|Any CPU
	EndGlobalSection
	GlobalSection(SolutionProperties) = preSolution
		HideSolutionNode = FALSE
	EndGlobalSection
	GlobalSection(ExtensibilityGlobals) = postSolution
		SolutionGuid = {B3B3CD97-1E5C-4E5C-8B2D-140D82C4B9E8}
	EndGlobalSection
EndGlobal
